// !$*UTF8*$!
{
	archiveVersion = 1;
	classes = {
	};
	objectVersion = 56;
	objects = {

/* Begin PBXBuildFile section */
		5DAEB8002A2242C90089E96F /* AppDelegate.swift in Sources */ = {isa = PBXBuildFile; fileRef = 5DAEB7FF2A2242C90089E96F /* AppDelegate.swift */; };
		5DAEB8022A2242C90089E96F /* SceneDelegate.swift in Sources */ = {isa = PBXBuildFile; fileRef = 5DAEB8012A2242C90089E96F /* SceneDelegate.swift */; };
		5DAEB8042A2242C90089E96F /* ViewController.swift in Sources */ = {isa = PBXBuildFile; fileRef = 5DAEB8032A2242C90089E96F /* ViewController.swift */; };
		5DAEB8072A2242C90089E96F /* Main.storyboard in Resources */ = {isa = PBXBuildFile; fileRef = 5DAEB8052A2242C90089E96F /* Main.storyboard */; };
		5DAEB8092A2242CB0089E96F /* Assets.xcassets in Resources */ = {isa = PBXBuildFile; fileRef = 5DAEB8082A2242CB0089E96F /* Assets.xcassets */; };
		5DAEB80C2A2242CB0089E96F /* LaunchScreen.storyboard in Resources */ = {isa = PBXBuildFile; fileRef = 5DAEB80A2A2242CB0089E96F /* LaunchScreen.storyboard */; };
		5DAEB8172A2242CB0089E96F /* PIPSampleTests.swift in Sources */ = {isa = PBXBuildFile; fileRef = 5DAEB8162A2242CB0089E96F /* PIPSampleTests.swift */; };
		5DAEB8212A2242CB0089E96F /* PIPSampleUITests.swift in Sources */ = {isa = PBXBuildFile; fileRef = 5DAEB8202A2242CB0089E96F /* PIPSampleUITests.swift */; };
		5DAEB8232A2242CB0089E96F /* PIPSampleUITestsLaunchTests.swift in Sources */ = {isa = PBXBuildFile; fileRef = 5DAEB8222A2242CB0089E96F /* PIPSampleUITestsLaunchTests.swift */; };
/* End PBXBuildFile section */

/* Begin PBXContainerItemProxy section */
		5DAEB8132A2242CB0089E96F /* PBXContainerItemProxy */ = {
			isa = PBXContainerItemProxy;
			containerPortal = 5DAEB7F42A2242C90089E96F /* Project object */;
			proxyType = 1;
			remoteGlobalIDString = 5DAEB7FB2A2242C90089E96F;
			remoteInfo = PIPSample;
		};
		5DAEB81D2A2242CB0089E96F /* PBXContainerItemProxy */ = {
			isa = PBXContainerItemProxy;
			containerPortal = 5DAEB7F42A2242C90089E96F /* Project object */;
			proxyType = 1;
			remoteGlobalIDString = 5DAEB7FB2A2242C90089E96F;
			remoteInfo = PIPSample;
		};
/* End PBXContainerItemProxy section */

/* Begin PBXFileReference section */
		5DAEB7FC2A2242C90089E96F /* PIPSample.app */ = {isa = PBXFileReference; explicitFileType = wrapper.application; includeInIndex = 0; path = PIPSample.app; sourceTree = BUILT_PRODUCTS_DIR; };
		5DAEB7FF2A2242C90089E96F /* AppDelegate.swift */ = {isa = PBXFileReference; lastKnownFileType = sourcecode.swift; path = AppDelegate.swift; sourceTree = "<group>"; };
		5DAEB8012A2242C90089E96F /* SceneDelegate.swift */ = {isa = PBXFileReference; lastKnownFileType = sourcecode.swift; path = SceneDelegate.swift; sourceTree = "<group>"; };
		5DAEB8032A2242C90089E96F /* ViewController.swift */ = {isa = PBXFileReference; lastKnownFileType = sourcecode.swift; path = ViewController.swift; sourceTree = "<group>"; };
		5DAEB8062A2242C90089E96F /* Base */ = {isa = PBXFileReference; lastKnownFileType = file.storyboard; name = Base; path = Base.lproj/Main.storyboard; sourceTree = "<group>"; };
		5DAEB8082A2242CB0089E96F /* Assets.xcassets */ = {isa = PBXFileReference; lastKnownFileType = folder.assetcatalog; path = Assets.xcassets; sourceTree = "<group>"; };
		5DAEB80B2A2242CB0089E96F /* Base */ = {isa = PBXFileReference; lastKnownFileType = file.storyboard; name = Base; path = Base.lproj/LaunchScreen.storyboard; sourceTree = "<group>"; };
		5DAEB80D2A2242CB0089E96F /* Info.plist */ = {isa = PBXFileReference; lastKnownFileType = text.plist.xml; path = Info.plist; sourceTree = "<group>"; };
		5DAEB8122A2242CB0089E96F /* PIPSampleTests.xctest */ = {isa = PBXFileReference; explicitFileType = wrapper.cfbundle; includeInIndex = 0; path = PIPSampleTests.xctest; sourceTree = BUILT_PRODUCTS_DIR; };
		5DAEB8162A2242CB0089E96F /* PIPSampleTests.swift */ = {isa = PBXFileReference; lastKnownFileType = sourcecode.swift; path = PIPSampleTests.swift; sourceTree = "<group>"; };
		5DAEB81C2A2242CB0089E96F /* PIPSampleUITests.xctest */ = {isa = PBXFileReference; explicitFileType = wrapper.cfbundle; includeInIndex = 0; path = PIPSampleUITests.xctest; sourceTree = BUILT_PRODUCTS_DIR; };
		5DAEB8202A2242CB0089E96F /* PIPSampleUITests.swift */ = {isa = PBXFileReference; lastKnownFileType = sourcecode.swift; path = PIPSampleUITests.swift; sourceTree = "<group>"; };
		5DAEB8222A2242CB0089E96F /* PIPSampleUITestsLaunchTests.swift */ = {isa = PBXFileReference; lastKnownFileType = sourcecode.swift; path = PIPSampleUITestsLaunchTests.swift; sourceTree = "<group>"; };
/* End PBXFileReference section */

/* Begin PBXFrameworksBuildPhase section */
		5DAEB7F92A2242C90089E96F /* Frameworks */ = {
			isa = PBXFrameworksBuildPhase;
			buildActionMask = 2147483647;
			files = (
			);
			runOnlyForDeploymentPostprocessing = 0;
		};
		5DAEB80F2A2242CB0089E96F /* Frameworks */ = {
			isa = PBXFrameworksBuildPhase;
			buildActionMask = 2147483647;
			files = (
			);
			runOnlyForDeploymentPostprocessing = 0;
		};
		5DAEB8192A2242CB0089E96F /* Frameworks */ = {
			isa = PBXFrameworksBuildPhase;
			buildActionMask = 2147483647;
			files = (
			);
			runOnlyForDeploymentPostprocessing = 0;
		};
/* End PBXFrameworksBuildPhase section */

/* Begin PBXGroup section */
		5DAEB7F32A2242C90089E96F = {
			isa = PBXGroup;
			children = (
				5DAEB7FE2A2242C90089E96F /* PIPSample */,
				5DAEB8152A2242CB0089E96F /* PIPSampleTests */,
				5DAEB81F2A2242CB0089E96F /* PIPSampleUITests */,
				5DAEB7FD2A2242C90089E96F /* Products */,
			);
			sourceTree = "<group>";
		};
		5DAEB7FD2A2242C90089E96F /* Products */ = {
			isa = PBXGroup;
			children = (
				5DAEB7FC2A2242C90089E96F /* PIPSample.app */,
				5DAEB8122A2242CB0089E96F /* PIPSampleTests.xctest */,
				5DAEB81C2A2242CB0089E96F /* PIPSampleUITests.xctest */,
			);
			name = Products;
			sourceTree = "<group>";
		};
		5DAEB7FE2A2242C90089E96F /* PIPSample */ = {
			isa = PBXGroup;
			children = (
				5DAEB7FF2A2242C90089E96F /* AppDelegate.swift */,
				5DAEB8012A2242C90089E96F /* SceneDelegate.swift */,
				5DAEB8032A2242C90089E96F /* ViewController.swift */,
				5DAEB8052A2242C90089E96F /* Main.storyboard */,
				5DAEB8082A2242CB0089E96F /* Assets.xcassets */,
				5DAEB80A2A2242CB0089E96F /* LaunchScreen.storyboard */,
				5DAEB80D2A2242CB0089E96F /* Info.plist */,
			);
			path = PIPSample;
			sourceTree = "<group>";
		};
		5DAEB8152A2242CB0089E96F /* PIPSampleTests */ = {
			isa = PBXGroup;
			children = (
				5DAEB8162A2242CB0089E96F /* PIPSampleTests.swift */,
			);
			path = PIPSampleTests;
			sourceTree = "<group>";
		};
		5DAEB81F2A2242CB0089E96F /* PIPSampleUITests */ = {
			isa = PBXGroup;
			children = (
				5DAEB8202A2242CB0089E96F /* PIPSampleUITests.swift */,
				5DAEB8222A2242CB0089E96F /* PIPSampleUITestsLaunchTests.swift */,
			);
			path = PIPSampleUITests;
			sourceTree = "<group>";
		};
/* End PBXGroup section */

/* Begin PBXNativeTarget section */
		5DAEB7FB2A2242C90089E96F /* PIPSample */ = {
			isa = PBXNativeTarget;
			buildConfigurationList = 5DAEB8262A2242CB0089E96F /* Build configuration list for PBXNativeTarget "PIPSample" */;
			buildPhases = (
				5DAEB7F82A2242C90089E96F /* Sources */,
				5DAEB7F92A2242C90089E96F /* Frameworks */,
				5DAEB7FA2A2242C90089E96F /* Resources */,
			);
			buildRules = (
			);
			dependencies = (
			);
			name = PIPSample;
			productName = PIPSample;
			productReference = 5DAEB7FC2A2242C90089E96F /* PIPSample.app */;
			productType = "com.apple.product-type.application";
		};
		5DAEB8112A2242CB0089E96F /* PIPSampleTests */ = {
			isa = PBXNativeTarget;
			buildConfigurationList = 5DAEB8292A2242CB0089E96F /* Build configuration list for PBXNativeTarget "PIPSampleTests" */;
			buildPhases = (
				5DAEB80E2A2242CB0089E96F /* Sources */,
				5DAEB80F2A2242CB0089E96F /* Frameworks */,
				5DAEB8102A2242CB0089E96F /* Resources */,
			);
			buildRules = (
			);
			dependencies = (
				5DAEB8142A2242CB0089E96F /* PBXTargetDependency */,
			);
			name = PIPSampleTests;
			productName = PIPSampleTests;
			productReference = 5DAEB8122A2242CB0089E96F /* PIPSampleTests.xctest */;
			productType = "com.apple.product-type.bundle.unit-test";
		};
		5DAEB81B2A2242CB0089E96F /* PIPSampleUITests */ = {
			isa = PBXNativeTarget;
			buildConfigurationList = 5DAEB82C2A2242CB0089E96F /* Build configuration list for PBXNativeTarget "PIPSampleUITests" */;
			buildPhases = (
				5DAEB8182A2242CB0089E96F /* Sources */,
				5DAEB8192A2242CB0089E96F /* Frameworks */,
				5DAEB81A2A2242CB0089E96F /* Resources */,
			);
			buildRules = (
			);
			dependencies = (
				5DAEB81E2A2242CB0089E96F /* PBXTargetDependency */,
			);
			name = PIPSampleUITests;
			productName = PIPSampleUITests;
			productReference = 5DAEB81C2A2242CB0089E96F /* PIPSampleUITests.xctest */;
			productType = "com.apple.product-type.bundle.ui-testing";
		};
/* End PBXNativeTarget section */

/* Begin PBXProject section */
		5DAEB7F42A2242C90089E96F /* Project object */ = {
			isa = PBXProject;
			attributes = {
				BuildIndependentTargetsInParallel = 1;
				LastSwiftUpdateCheck = 1400;
				LastUpgradeCheck = 1400;
				TargetAttributes = {
					5DAEB7FB2A2242C90089E96F = {
						CreatedOnToolsVersion = 14.0;
					};
					5DAEB8112A2242CB0089E96F = {
						CreatedOnToolsVersion = 14.0;
						TestTargetID = 5DAEB7FB2A2242C90089E96F;
					};
					5DAEB81B2A2242CB0089E96F = {
						CreatedOnToolsVersion = 14.0;
						TestTargetID = 5DAEB7FB2A2242C90089E96F;
					};
				};
			};
			buildConfigurationList = 5DAEB7F72A2242C90089E96F /* Build configuration list for PBXProject "PIPSample" */;
			compatibilityVersion = "Xcode 14.0";
			developmentRegion = en;
			hasScannedForEncodings = 0;
			knownRegions = (
				en,
				Base,
			);
			mainGroup = 5DAEB7F32A2242C90089E96F;
			productRefGroup = 5DAEB7FD2A2242C90089E96F /* Products */;
			projectDirPath = "";
			projectRoot = "";
			targets = (
				5DAEB7FB2A2242C90089E96F /* PIPSample */,
				5DAEB8112A2242CB0089E96F /* PIPSampleTests */,
				5DAEB81B2A2242CB0089E96F /* PIPSampleUITests */,
			);
		};
/* End PBXProject section */

/* Begin PBXResourcesBuildPhase section */
		5DAEB7FA2A2242C90089E96F /* Resources */ = {
			isa = PBXResourcesBuildPhase;
			buildActionMask = 2147483647;
			files = (
				5DAEB80C2A2242CB0089E96F /* LaunchScreen.storyboard in Resources */,
				5DAEB8092A2242CB0089E96F /* Assets.xcassets in Resources */,
				5DAEB8072A2242C90089E96F /* Main.storyboard in Resources */,
			);
			runOnlyForDeploymentPostprocessing = 0;
		};
		5DAEB8102A2242CB0089E96F /* Resources */ = {
			isa = PBXResourcesBuildPhase;
			buildActionMask = 2147483647;
			files = (
			);
			runOnlyForDeploymentPostprocessing = 0;
		};
		5DAEB81A2A2242CB0089E96F /* Resources */ = {
			isa = PBXResourcesBuildPhase;
			buildActionMask = 2147483647;
			files = (
			);
			runOnlyForDeploymentPostprocessing = 0;
		};
/* End PBXResourcesBuildPhase section */

/* Begin PBXSourcesBuildPhase section */
		5DAEB7F82A2242C90089E96F /* Sources */ = {
			isa = PBXSourcesBuildPhase;
			buildActionMask = 2147483647;
			files = (
				5DAEB8042A2242C90089E96F /* ViewController.swift in Sources */,
				5DAEB8002A2242C90089E96F /* AppDelegate.swift in Sources */,
				5DAEB8022A2242C90089E96F /* SceneDelegate.swift in Sources */,
			);
			runOnlyForDeploymentPostprocessing = 0;
		};
		5DAEB80E2A2242CB0089E96F /* Sources */ = {
			isa = PBXSourcesBuildPhase;
			buildActionMask = 2147483647;
			files = (
				5DAEB8172A2242CB0089E96F /* PIPSampleTests.swift in Sources */,
			);
			runOnlyForDeploymentPostprocessing = 0;
		};
		5DAEB8182A2242CB0089E96F /* Sources */ = {
			isa = PBXSourcesBuildPhase;
			buildActionMask = 2147483647;
			files = (
				5DAEB8232A2242CB0089E96F /* PIPSampleUITestsLaunchTests.swift in Sources */,
				5DAEB8212A2242CB0089E96F /* PIPSampleUITests.swift in Sources */,
			);
			runOnlyForDeploymentPostprocessing = 0;
		};
/* End PBXSourcesBuildPhase section */

/* Begin PBXTargetDependency section */
		5DAEB8142A2242CB0089E96F /* PBXTargetDependency */ = {
			isa = PBXTargetDependency;
			target = 5DAEB7FB2A2242C90089E96F /* PIPSample */;
			targetProxy = 5DAEB8132A2242CB0089E96F /* PBXContainerItemProxy */;
		};
		5DAEB81E2A2242CB0089E96F /* PBXTargetDependency */ = {
			isa = PBXTargetDependency;
			target = 5DAEB7FB2A2242C90089E96F /* PIPSample */;
			targetProxy = 5DAEB81D2A2242CB0089E96F /* PBXContainerItemProxy */;
		};
/* End PBXTargetDependency section */

/* Begin PBXVariantGroup section */
		5DAEB8052A2242C90089E96F /* Main.storyboard */ = {
			isa = PBXVariantGroup;
			children = (
				5DAEB8062A2242C90089E96F /* Base */,
			);
			name = Main.storyboard;
			sourceTree = "<group>";
		};
		5DAEB80A2A2242CB0089E96F /* LaunchScreen.storyboard */ = {
			isa = PBXVariantGroup;
			children = (
				5DAEB80B2A2242CB0089E96F /* Base */,
			);
			name = LaunchScreen.storyboard;
			sourceTree = "<group>";
		};
/* End PBXVariantGroup section */

/* Begin XCBuildConfiguration section */
		5DAEB8242A2242CB0089E96F /* Debug */ = {
			isa = XCBuildConfiguration;
			buildSettings = {
				ALWAYS_SEARCH_USER_PATHS = NO;
				CLANG_ANALYZER_NONNULL = YES;
				CLANG_ANALYZER_NUMBER_OBJECT_CONVERSION = YES_AGGRESSIVE;
				CLANG_CXX_LANGUAGE_STANDARD = "gnu++20";
				CLANG_ENABLE_MODULES = YES;
				CLANG_ENABLE_OBJC_ARC = YES;
				CLANG_ENABLE_OBJC_WEAK = YES;
				CLANG_WARN_BLOCK_CAPTURE_AUTORELEASING = YES;
				CLANG_WARN_BOOL_CONVERSION = YES;
				CLANG_WARN_COMMA = YES;
				CLANG_WARN_CONSTANT_CONVERSION = YES;
				CLANG_WARN_DEPRECATED_OBJC_IMPLEMENTATIONS = YES;
				CLANG_WARN_DIRECT_OBJC_ISA_USAGE = YES_ERROR;
				CLANG_WARN_DOCUMENTATION_COMMENTS = YES;
				CLANG_WARN_EMPTY_BODY = YES;
				CLANG_WARN_ENUM_CONVERSION = YES;
				CLANG_WARN_INFINITE_RECURSION = YES;
				CLANG_WARN_INT_CONVERSION = YES;
				CLANG_WARN_NON_LITERAL_NULL_CONVERSION = YES;
				CLANG_WARN_OBJC_IMPLICIT_RETAIN_SELF = YES;
				CLANG_WARN_OBJC_LITERAL_CONVERSION = YES;
				CLANG_WARN_OBJC_ROOT_CLASS = YES_ERROR;
				CLANG_WARN_QUOTED_INCLUDE_IN_FRAMEWORK_HEADER = YES;
				CLANG_WARN_RANGE_LOOP_ANALYSIS = YES;
				CLANG_WARN_STRICT_PROTOTYPES = YES;
				CLANG_WARN_SUSPICIOUS_MOVE = YES;
				CLANG_WARN_UNGUARDED_AVAILABILITY = YES_AGGRESSIVE;
				CLANG_WARN_UNREACHABLE_CODE = YES;
				CLANG_WARN__DUPLICATE_METHOD_MATCH = YES;
				COPY_PHASE_STRIP = NO;
				DEBUG_INFORMATION_FORMAT = dwarf;
				ENABLE_STRICT_OBJC_MSGSEND = YES;
				ENABLE_TESTABILITY = YES;
				GCC_C_LANGUAGE_STANDARD = gnu11;
				GCC_DYNAMIC_NO_PIC = NO;
				GCC_NO_COMMON_BLOCKS = YES;
				GCC_OPTIMIZATION_LEVEL = 0;
				GCC_PREPROCESSOR_DEFINITIONS = (
					"DEBUG=1",
					"$(inherited)",
				);
				GCC_WARN_64_TO_32_BIT_CONVERSION = YES;
				GCC_WARN_ABOUT_RETURN_TYPE = YES_ERROR;
				GCC_WARN_UNDECLARED_SELECTOR = YES;
				GCC_WARN_UNINITIALIZED_AUTOS = YES_AGGRESSIVE;
				GCC_WARN_UNUSED_FUNCTION = YES;
				GCC_WARN_UNUSED_VARIABLE = YES;
				IPHONEOS_DEPLOYMENT_TARGET = 16.0;
				MTL_ENABLE_DEBUG_INFO = INCLUDE_SOURCE;
				MTL_FAST_MATH = YES;
				ONLY_ACTIVE_ARCH = YES;
				SDKROOT = iphoneos;
				SWIFT_ACTIVE_COMPILATION_CONDITIONS = DEBUG;
				SWIFT_OPTIMIZATION_LEVEL = "-Onone";
			};
			name = Debug;
		};
		5DAEB8252A2242CB0089E96F /* Release */ = {
			isa = XCBuildConfiguration;
			buildSettings = {
				ALWAYS_SEARCH_USER_PATHS = NO;
				CLANG_ANALYZER_NONNULL = YES;
				CLANG_ANALYZER_NUMBER_OBJECT_CONVERSION = YES_AGGRESSIVE;
				CLANG_CXX_LANGUAGE_STANDARD = "gnu++20";
				CLANG_ENABLE_MODULES = YES;
				CLANG_ENABLE_OBJC_ARC = YES;
				CLANG_ENABLE_OBJC_WEAK = YES;
				CLANG_WARN_BLOCK_CAPTURE_AUTORELEASING = YES;
				CLANG_WARN_BOOL_CONVERSION = YES;
				CLANG_WARN_COMMA = YES;
				CLANG_WARN_CONSTANT_CONVERSION = YES;
				CLANG_WARN_DEPRECATED_OBJC_IMPLEMENTATIONS = YES;
				CLANG_WARN_DIRECT_OBJC_ISA_USAGE = YES_ERROR;
				CLANG_WARN_DOCUMENTATION_COMMENTS = YES;
				CLANG_WARN_EMPTY_BODY = YES;
				CLANG_WARN_ENUM_CONVERSION = YES;
				CLANG_WARN_INFINITE_RECURSION = YES;
				CLANG_WARN_INT_CONVERSION = YES;
				CLANG_WARN_NON_LITERAL_NULL_CONVERSION = YES;
				CLANG_WARN_OBJC_IMPLICIT_RETAIN_SELF = YES;
				CLANG_WARN_OBJC_LITERAL_CONVERSION = YES;
				CLANG_WARN_OBJC_ROOT_CLASS = YES_ERROR;
				CLANG_WARN_QUOTED_INCLUDE_IN_FRAMEWORK_HEADER = YES;
				CLANG_WARN_RANGE_LOOP_ANALYSIS = YES;
				CLANG_WARN_STRICT_PROTOTYPES = YES;
				CLANG_WARN_SUSPICIOUS_MOVE = YES;
				CLANG_WARN_UNGUARDED_AVAILABILITY = YES_AGGRESSIVE;
				CLANG_WARN_UNREACHABLE_CODE = YES;
				CLANG_WARN__DUPLICATE_METHOD_MATCH = YES;
				COPY_PHASE_STRIP = NO;
				DEBUG_INFORMATION_FORMAT = "dwarf-with-dsym";
				ENABLE_NS_ASSERTIONS = NO;
				ENABLE_STRICT_OBJC_MSGSEND = YES;
				GCC_C_LANGUAGE_STANDARD = gnu11;
				GCC_NO_COMMON_BLOCKS = YES;
				GCC_WARN_64_TO_32_BIT_CONVERSION = YES;
				GCC_WARN_ABOUT_RETURN_TYPE = YES_ERROR;
				GCC_WARN_UNDECLARED_SELECTOR = YES;
				GCC_WARN_UNINITIALIZED_AUTOS = YES_AGGRESSIVE;
				GCC_WARN_UNUSED_FUNCTION = YES;
				GCC_WARN_UNUSED_VARIABLE = YES;
				IPHONEOS_DEPLOYMENT_TARGET = 16.0;
				MTL_ENABLE_DEBUG_INFO = NO;
				MTL_FAST_MATH = YES;
				SDKROOT = iphoneos;
				SWIFT_COMPILATION_MODE = wholemodule;
				SWIFT_OPTIMIZATION_LEVEL = "-O";
				VALIDATE_PRODUCT = YES;
			};
			name = Release;
		};
		5DAEB8272A2242CB0089E96F /* Debug */ = {
			isa = XCBuildConfiguration;
			buildSettings = {
				ASSETCATALOG_COMPILER_APPICON_NAME = AppIcon;
				ASSETCATALOG_COMPILER_GLOBAL_ACCENT_COLOR_NAME = AccentColor;
				CODE_SIGN_STYLE = Automatic;
				CURRENT_PROJECT_VERSION = 1;
				DEVELOPMENT_TEAM = XP8M87ULF2;
				GENERATE_INFOPLIST_FILE = YES;
				INFOPLIST_FILE = PIPSample/Info.plist;
				INFOPLIST_KEY_UIApplicationSupportsIndirectInputEvents = YES;
				INFOPLIST_KEY_UILaunchStoryboardName = LaunchScreen;
				INFOPLIST_KEY_UIMainStoryboardFile = Main;
				INFOPLIST_KEY_UISupportedInterfaceOrientations_iPad = "UIInterfaceOrientationPortrait UIInterfaceOrientationPortraitUpsideDown UIInterfaceOrientationLandscapeLeft UIInterfaceOrientationLandscapeRight";
				INFOPLIST_KEY_UISupportedInterfaceOrientations_iPhone = "UIInterfaceOrientationPortrait UIInterfaceOrientationLandscapeLeft UIInterfaceOrientationLandscapeRight";
				LD_RUNPATH_SEARCH_PATHS = (
					"$(inherited)",
					"@executable_path/Frameworks",
				);
				MARKETING_VERSION = 1.0;
				PRODUCT_BUNDLE_IDENTIFIER = com.shohiiiiiii.PIPSample;
				PRODUCT_NAME = "$(TARGET_NAME)";
				SWIFT_EMIT_LOC_STRINGS = YES;
				SWIFT_VERSION = 5.0;
				TARGETED_DEVICE_FAMILY = "1,2";
			};
			name = Debug;
		};
		5DAEB8282A2242CB0089E96F /* Release */ = {
			isa = XCBuildConfiguration;
			buildSettings = {
				ASSETCATALOG_COMPILER_APPICON_NAME = AppIcon;
				ASSETCATALOG_COMPILER_GLOBAL_ACCENT_COLOR_NAME = AccentColor;
				CODE_SIGN_STYLE = Automatic;
				CURRENT_PROJECT_VERSION = 1;
				DEVELOPMENT_TEAM = XP8M87ULF2;
				GENERATE_INFOPLIST_FILE = YES;
				INFOPLIST_FILE = PIPSample/Info.plist;
				INFOPLIST_KEY_UIApplicationSupportsIndirectInputEvents = YES;
				INFOPLIST_KEY_UILaunchStoryboardName = LaunchScreen;
				INFOPLIST_KEY_UIMainStoryboardFile = Main;
				INFOPLIST_KEY_UISupportedInterfaceOrientations_iPad = "UIInterfaceOrientationPortrait UIInterfaceOrientationPortraitUpsideDown UIInterfaceOrientationLandscapeLeft UIInterfaceOrientationLandscapeRight";
				INFOPLIST_KEY_UISupportedInterfaceOrientations_iPhone = "UIInterfaceOrientationPortrait UIInterfaceOrientationLandscapeLeft UIInterfaceOrientationLandscapeRight";
				LD_RUNPATH_SEARCH_PATHS = (
					"$(inherited)",
					"@executable_path/Frameworks",
				);
				MARKETING_VERSION = 1.0;
				PRODUCT_BUNDLE_IDENTIFIER = com.shohiiiiiii.PIPSample;
				PRODUCT_NAME = "$(TARGET_NAME)";
				SWIFT_EMIT_LOC_STRINGS = YES;
				SWIFT_VERSION = 5.0;
				TARGETED_DEVICE_FAMILY = "1,2";
			};
			name = Release;
		};
		5DAEB82A2A2242CB0089E96F /* Debug */ = {
			isa = XCBuildConfiguration;
			buildSettings = {
				ALWAYS_EMBED_SWIFT_STANDARD_LIBRARIES = YES;
				BUNDLE_LOADER = "$(TEST_HOST)";
				CODE_SIGN_STYLE = Automatic;
				CURRENT_PROJECT_VERSION = 1;
				DEVELOPMENT_TEAM = XP8M87ULF2;
				GENERATE_INFOPLIST_FILE = YES;
				IPHONEOS_DEPLOYMENT_TARGET = 16.0;
				MARKETING_VERSION = 1.0;
				PRODUCT_BUNDLE_IDENTIFIER = com.shohiiiiiii.PIPSampleTests;
				PRODUCT_NAME = "$(TARGET_NAME)";
				SWIFT_EMIT_LOC_STRINGS = NO;
				SWIFT_VERSION = 5.0;
				TARGETED_DEVICE_FAMILY = "1,2";
				TEST_HOST = "$(BUILT_PRODUCTS_DIR)/PIPSample.app/$(BUNDLE_EXECUTABLE_FOLDER_PATH)/PIPSample";
			};
			name = Debug;
		};
		5DAEB82B2A2242CB0089E96F /* Release */ = {
			isa = XCBuildConfiguration;
			buildSettings = {
				ALWAYS_EMBED_SWIFT_STANDARD_LIBRARIES = YES;
				BUNDLE_LOADER = "$(TEST_HOST)";
				CODE_SIGN_STYLE = Automatic;
				CURRENT_PROJECT_VERSION = 1;
				DEVELOPMENT_TEAM = XP8M87ULF2;
				GENERATE_INFOPLIST_FILE = YES;
				IPHONEOS_DEPLOYMENT_TARGET = 16.0;
				MARKETING_VERSION = 1.0;
				PRODUCT_BUNDLE_IDENTIFIER = com.shohiiiiiii.PIPSampleTests;
				PRODUCT_NAME = "$(TARGET_NAME)";
				SWIFT_EMIT_LOC_STRINGS = NO;
				SWIFT_VERSION = 5.0;
				TARGETED_DEVICE_FAMILY = "1,2";
				TEST_HOST = "$(BUILT_PRODUCTS_DIR)/PIPSample.app/$(BUNDLE_EXECUTABLE_FOLDER_PATH)/PIPSample";
			};
			name = Release;
		};
		5DAEB82D2A2242CB0089E96F /* Debug */ = {
			isa = XCBuildConfiguration;
			buildSettings = {
				ALWAYS_EMBED_SWIFT_STANDARD_LIBRARIES = YES;
				CODE_SIGN_STYLE = Automatic;
				CURRENT_PROJECT_VERSION = 1;
				DEVELOPMENT_TEAM = XP8M87ULF2;
				GENERATE_INFOPLIST_FILE = YES;
				MARKETING_VERSION = 1.0;
				PRODUCT_BUNDLE_IDENTIFIER = com.shohiiiiiii.PIPSampleUITests;
				PRODUCT_NAME = "$(TARGET_NAME)";
				SWIFT_EMIT_LOC_STRINGS = NO;
				SWIFT_VERSION = 5.0;
				TARGETED_DEVICE_FAMILY = "1,2";
				TEST_TARGET_NAME = PIPSample;
			};
			name = Debug;
		};
		5DAEB82E2A2242CB0089E96F /* Release */ = {
			isa = XCBuildConfiguration;
			buildSettings = {
				ALWAYS_EMBED_SWIFT_STANDARD_LIBRARIES = YES;
				CODE_SIGN_STYLE = Automatic;
				CURRENT_PROJECT_VERSION = 1;
				DEVELOPMENT_TEAM = XP8M87ULF2;
				GENERATE_INFOPLIST_FILE = YES;
				MARKETING_VERSION = 1.0;
				PRODUCT_BUNDLE_IDENTIFIER = com.shohiiiiiii.PIPSampleUITests;
				PRODUCT_NAME = "$(TARGET_NAME)";
				SWIFT_EMIT_LOC_STRINGS = NO;
				SWIFT_VERSION = 5.0;
				TARGETED_DEVICE_FAMILY = "1,2";
				TEST_TARGET_NAME = PIPSample;
			};
			name = Release;
		};
/* End XCBuildConfiguration section */

/* Begin XCConfigurationList section */
		5DAEB7F72A2242C90089E96F /* Build configuration list for PBXProject "PIPSample" */ = {
			isa = XCConfigurationList;
			buildConfigurations = (
				5DAEB8242A2242CB0089E96F /* Debug */,
				5DAEB8252A2242CB0089E96F /* Release */,
			);
			defaultConfigurationIsVisible = 0;
			defaultConfigurationName = Release;
		};
		5DAEB8262A2242CB0089E96F /* Build configuration list for PBXNativeTarget "PIPSample" */ = {
			isa = XCConfigurationList;
			buildConfigurations = (
				5DAEB8272A2242CB0089E96F /* Debug */,
				5DAEB8282A2242CB0089E96F /* Release */,
			);
			defaultConfigurationIsVisible = 0;
			defaultConfigurationName = Release;
		};
		5DAEB8292A2242CB0089E96F /* Build configuration list for PBXNativeTarget "PIPSampleTests" */ = {
			isa = XCConfigurationList;
			buildConfigurations = (
				5DAEB82A2A2242CB0089E96F /* Debug */,
				5DAEB82B2A2242CB0089E96F /* Release */,
			);
			defaultConfigurationIsVisible = 0;
			defaultConfigurationName = Release;
		};
		5DAEB82C2A2242CB0089E96F /* Build configuration list for PBXNativeTarget "PIPSampleUITests" */ = {
			isa = XCConfigurationList;
			buildConfigurations = (
				5DAEB82D2A2242CB0089E96F /* Debug */,
				5DAEB82E2A2242CB0089E96F /* Release */,
			);
			defaultConfigurationIsVisible = 0;
			defaultConfigurationName = Release;
		};
/* End XCConfigurationList section */
	};
	rootObject = 5DAEB7F42A2242C90089E96F /* Project object */;
}
